// !$*UTF8*$!
{
	archiveVersion = 1;
	classes = {
	};
	objectVersion = 50;
	objects = {

/* Begin PBXBuildFile section */
		F676B05B254916D200D02123 /* Home.swift in Sources */ = {isa = PBXBuildFile; fileRef = F676B05A254916D200D02123 /* Home.swift */; };
		F676B063254916EA00D02123 /* HomeViewModel.swift in Sources */ = {isa = PBXBuildFile; fileRef = F676B062254916EA00D02123 /* HomeViewModel.swift */; };
		F6FA8AC825481964003170DD /* Foody_AppApp.swift in Sources */ = {isa = PBXBuildFile; fileRef = F6FA8AC725481964003170DD /* Foody_AppApp.swift */; };
		F6FA8ACA25481964003170DD /* ContentView.swift in Sources */ = {isa = PBXBuildFile; fileRef = F6FA8AC925481964003170DD /* ContentView.swift */; };
		F6FA8ACC25481966003170DD /* Assets.xcassets in Resources */ = {isa = PBXBuildFile; fileRef = F6FA8ACB25481966003170DD /* Assets.xcassets */; };
		F6FA8ACF25481966003170DD /* Preview Assets.xcassets in Resources */ = {isa = PBXBuildFile; fileRef = F6FA8ACE25481966003170DD /* Preview Assets.xcassets */; };
		F6FA8ADA25481966003170DD /* Foody_AppTests.swift in Sources */ = {isa = PBXBuildFile; fileRef = F6FA8AD925481966003170DD /* Foody_AppTests.swift */; };
		F6FA8AE525481966003170DD /* Foody_AppUITests.swift in Sources */ = {isa = PBXBuildFile; fileRef = F6FA8AE425481966003170DD /* Foody_AppUITests.swift */; };
/* End PBXBuildFile section */

/* Begin PBXContainerItemProxy section */
		F6FA8AD625481966003170DD /* PBXContainerItemProxy */ = {
			isa = PBXContainerItemProxy;
			containerPortal = F6FA8ABC25481964003170DD /* Project object */;
			proxyType = 1;
			remoteGlobalIDString = F6FA8AC325481964003170DD;
			remoteInfo = "Foody-App";
		};
		F6FA8AE125481966003170DD /* PBXContainerItemProxy */ = {
			isa = PBXContainerItemProxy;
			containerPortal = F6FA8ABC25481964003170DD /* Project object */;
			proxyType = 1;
			remoteGlobalIDString = F6FA8AC325481964003170DD;
			remoteInfo = "Foody-App";
		};
/* End PBXContainerItemProxy section */

/* Begin PBXFileReference section */
		F676B05A254916D200D02123 /* Home.swift */ = {isa = PBXFileReference; lastKnownFileType = sourcecode.swift; path = Home.swift; sourceTree = "<group>"; };
		F676B062254916EA00D02123 /* HomeViewModel.swift */ = {isa = PBXFileReference; lastKnownFileType = sourcecode.swift; path = HomeViewModel.swift; sourceTree = "<group>"; };
		F6FA8AC425481964003170DD /* Foody-App.app */ = {isa = PBXFileReference; explicitFileType = wrapper.application; includeInIndex = 0; path = "Foody-App.app"; sourceTree = BUILT_PRODUCTS_DIR; };
		F6FA8AC725481964003170DD /* Foody_AppApp.swift */ = {isa = PBXFileReference; lastKnownFileType = sourcecode.swift; path = Foody_AppApp.swift; sourceTree = "<group>"; };
		F6FA8AC925481964003170DD /* ContentView.swift */ = {isa = PBXFileReference; lastKnownFileType = sourcecode.swift; path = ContentView.swift; sourceTree = "<group>"; };
		F6FA8ACB25481966003170DD /* Assets.xcassets */ = {isa = PBXFileReference; lastKnownFileType = folder.assetcatalog; path = Assets.xcassets; sourceTree = "<group>"; };
		F6FA8ACE25481966003170DD /* Preview Assets.xcassets */ = {isa = PBXFileReference; lastKnownFileType = folder.assetcatalog; path = "Preview Assets.xcassets"; sourceTree = "<group>"; };
		F6FA8AD025481966003170DD /* Info.plist */ = {isa = PBXFileReference; lastKnownFileType = text.plist.xml; path = Info.plist; sourceTree = "<group>"; };
		F6FA8AD525481966003170DD /* Foody-AppTests.xctest */ = {isa = PBXFileReference; explicitFileType = wrapper.cfbundle; includeInIndex = 0; path = "Foody-AppTests.xctest"; sourceTree = BUILT_PRODUCTS_DIR; };
		F6FA8AD925481966003170DD /* Foody_AppTests.swift */ = {isa = PBXFileReference; lastKnownFileType = sourcecode.swift; path = Foody_AppTests.swift; sourceTree = "<group>"; };
		F6FA8ADB25481966003170DD /* Info.plist */ = {isa = PBXFileReference; lastKnownFileType = text.plist.xml; path = Info.plist; sourceTree = "<group>"; };
		F6FA8AE025481966003170DD /* Foody-AppUITests.xctest */ = {isa = PBXFileReference; explicitFileType = wrapper.cfbundle; includeInIndex = 0; path = "Foody-AppUITests.xctest"; sourceTree = BUILT_PRODUCTS_DIR; };
		F6FA8AE425481966003170DD /* Foody_AppUITests.swift */ = {isa = PBXFileReference; lastKnownFileType = sourcecode.swift; path = Foody_AppUITests.swift; sourceTree = "<group>"; };
		F6FA8AE625481966003170DD /* Info.plist */ = {isa = PBXFileReference; lastKnownFileType = text.plist.xml; path = Info.plist; sourceTree = "<group>"; };
/* End PBXFileReference section */

/* Begin PBXFrameworksBuildPhase section */
		F6FA8AC125481964003170DD /* Frameworks */ = {
			isa = PBXFrameworksBuildPhase;
			buildActionMask = 2147483647;
			files = (
			);
			runOnlyForDeploymentPostprocessing = 0;
		};
		F6FA8AD225481966003170DD /* Frameworks */ = {
			isa = PBXFrameworksBuildPhase;
			buildActionMask = 2147483647;
			files = (
			);
			runOnlyForDeploymentPostprocessing = 0;
		};
		F6FA8ADD25481966003170DD /* Frameworks */ = {
			isa = PBXFrameworksBuildPhase;
			buildActionMask = 2147483647;
			files = (
			);
			runOnlyForDeploymentPostprocessing = 0;
		};
/* End PBXFrameworksBuildPhase section */

/* Begin PBXGroup section */
		F676B057254916A600D02123 /* View */ = {
			isa = PBXGroup;
			children = (
				F676B05A254916D200D02123 /* Home.swift */,
			);
			path = View;
			sourceTree = "<group>";
		};
		F676B058254916B500D02123 /* Model */ = {
			isa = PBXGroup;
			children = (
			);
			path = Model;
			sourceTree = "<group>";
		};
		F676B059254916BF00D02123 /* ViewModel */ = {
			isa = PBXGroup;
			children = (
				F676B062254916EA00D02123 /* HomeViewModel.swift */,
			);
			path = ViewModel;
			sourceTree = "<group>";
		};
		F6FA8ABB25481964003170DD = {
			isa = PBXGroup;
			children = (
				F6FA8AC625481964003170DD /* Foody-App */,
				F6FA8AD825481966003170DD /* Foody-AppTests */,
				F6FA8AE325481966003170DD /* Foody-AppUITests */,
				F6FA8AC525481964003170DD /* Products */,
			);
			sourceTree = "<group>";
		};
		F6FA8AC525481964003170DD /* Products */ = {
			isa = PBXGroup;
			children = (
				F6FA8AC425481964003170DD /* Foody-App.app */,
				F6FA8AD525481966003170DD /* Foody-AppTests.xctest */,
				F6FA8AE025481966003170DD /* Foody-AppUITests.xctest */,
			);
			name = Products;
			sourceTree = "<group>";
		};
		F6FA8AC625481964003170DD /* Foody-App */ = {
			isa = PBXGroup;
			children = (
				F676B059254916BF00D02123 /* ViewModel */,
				F676B058254916B500D02123 /* Model */,
				F676B057254916A600D02123 /* View */,
				F6FA8AC725481964003170DD /* Foody_AppApp.swift */,
				F6FA8AC925481964003170DD /* ContentView.swift */,
				F6FA8ACB25481966003170DD /* Assets.xcassets */,
				F6FA8AD025481966003170DD /* Info.plist */,
				F6FA8ACD25481966003170DD /* Preview Content */,
			);
			path = "Foody-App";
			sourceTree = "<group>";
		};
		F6FA8ACD25481966003170DD /* Preview Content */ = {
			isa = PBXGroup;
			children = (
				F6FA8ACE25481966003170DD /* Preview Assets.xcassets */,
			);
			path = "Preview Content";
			sourceTree = "<group>";
		};
		F6FA8AD825481966003170DD /* Foody-AppTests */ = {
			isa = PBXGroup;
			children = (
				F6FA8AD925481966003170DD /* Foody_AppTests.swift */,
				F6FA8ADB25481966003170DD /* Info.plist */,
			);
			path = "Foody-AppTests";
			sourceTree = "<group>";
		};
		F6FA8AE325481966003170DD /* Foody-AppUITests */ = {
			isa = PBXGroup;
			children = (
				F6FA8AE425481966003170DD /* Foody_AppUITests.swift */,
				F6FA8AE625481966003170DD /* Info.plist */,
			);
			path = "Foody-AppUITests";
			sourceTree = "<group>";
		};
/* End PBXGroup section */

/* Begin PBXNativeTarget section */
		F6FA8AC325481964003170DD /* Foody-App */ = {
			isa = PBXNativeTarget;
			buildConfigurationList = F6FA8AE925481966003170DD /* Build configuration list for PBXNativeTarget "Foody-App" */;
			buildPhases = (
				F6FA8AC025481964003170DD /* Sources */,
				F6FA8AC125481964003170DD /* Frameworks */,
				F6FA8AC225481964003170DD /* Resources */,
			);
			buildRules = (
			);
			dependencies = (
			);
			name = "Foody-App";
			productName = "Foody-App";
			productReference = F6FA8AC425481964003170DD /* Foody-App.app */;
			productType = "com.apple.product-type.application";
		};
		F6FA8AD425481966003170DD /* Foody-AppTests */ = {
			isa = PBXNativeTarget;
			buildConfigurationList = F6FA8AEC25481966003170DD /* Build configuration list for PBXNativeTarget "Foody-AppTests" */;
			buildPhases = (
				F6FA8AD125481966003170DD /* Sources */,
				F6FA8AD225481966003170DD /* Frameworks */,
				F6FA8AD325481966003170DD /* Resources */,
			);
			buildRules = (
			);
			dependencies = (
				F6FA8AD725481966003170DD /* PBXTargetDependency */,
			);
			name = "Foody-AppTests";
			productName = "Foody-AppTests";
			productReference = F6FA8AD525481966003170DD /* Foody-AppTests.xctest */;
			productType = "com.apple.product-type.bundle.unit-test";
		};
		F6FA8ADF25481966003170DD /* Foody-AppUITests */ = {
			isa = PBXNativeTarget;
			buildConfigurationList = F6FA8AEF25481966003170DD /* Build configuration list for PBXNativeTarget "Foody-AppUITests" */;
			buildPhases = (
				F6FA8ADC25481966003170DD /* Sources */,
				F6FA8ADD25481966003170DD /* Frameworks */,
				F6FA8ADE25481966003170DD /* Resources */,
			);
			buildRules = (
			);
			dependencies = (
				F6FA8AE225481966003170DD /* PBXTargetDependency */,
			);
			name = "Foody-AppUITests";
			productName = "Foody-AppUITests";
			productReference = F6FA8AE025481966003170DD /* Foody-AppUITests.xctest */;
			productType = "com.apple.product-type.bundle.ui-testing";
		};
/* End PBXNativeTarget section */

/* Begin PBXProject section */
		F6FA8ABC25481964003170DD /* Project object */ = {
			isa = PBXProject;
			attributes = {
				LastSwiftUpdateCheck = 1210;
				LastUpgradeCheck = 1210;
				TargetAttributes = {
					F6FA8AC325481964003170DD = {
						CreatedOnToolsVersion = 12.1;
					};
					F6FA8AD425481966003170DD = {
						CreatedOnToolsVersion = 12.1;
						TestTargetID = F6FA8AC325481964003170DD;
					};
					F6FA8ADF25481966003170DD = {
						CreatedOnToolsVersion = 12.1;
						TestTargetID = F6FA8AC325481964003170DD;
					};
				};
			};
			buildConfigurationList = F6FA8ABF25481964003170DD /* Build configuration list for PBXProject "Foody-App" */;
			compatibilityVersion = "Xcode 9.3";
			developmentRegion = en;
			hasScannedForEncodings = 0;
			knownRegions = (
				en,
				Base,
			);
			mainGroup = F6FA8ABB25481964003170DD;
			productRefGroup = F6FA8AC525481964003170DD /* Products */;
			projectDirPath = "";
			projectRoot = "";
			targets = (
				F6FA8AC325481964003170DD /* Foody-App */,
				F6FA8AD425481966003170DD /* Foody-AppTests */,
				F6FA8ADF25481966003170DD /* Foody-AppUITests */,
			);
		};
/* End PBXProject section */

/* Begin PBXResourcesBuildPhase section */
		F6FA8AC225481964003170DD /* Resources */ = {
			isa = PBXResourcesBuildPhase;
			buildActionMask = 2147483647;
			files = (
				F6FA8ACF25481966003170DD /* Preview Assets.xcassets in Resources */,
				F6FA8ACC25481966003170DD /* Assets.xcassets in Resources */,
			);
			runOnlyForDeploymentPostprocessing = 0;
		};
		F6FA8AD325481966003170DD /* Resources */ = {
			isa = PBXResourcesBuildPhase;
			buildActionMask = 2147483647;
			files = (
			);
			runOnlyForDeploymentPostprocessing = 0;
		};
		F6FA8ADE25481966003170DD /* Resources */ = {
			isa = PBXResourcesBuildPhase;
			buildActionMask = 2147483647;
			files = (
			);
			runOnlyForDeploymentPostprocessing = 0;
		};
/* End PBXResourcesBuildPhase section */

/* Begin PBXSourcesBuildPhase section */
		F6FA8AC025481964003170DD /* Sources */ = {
			isa = PBXSourcesBuildPhase;
			buildActionMask = 2147483647;
			files = (
				F6FA8ACA25481964003170DD /* ContentView.swift in Sources */,
				F676B05B254916D200D02123 /* Home.swift in Sources */,
				F6FA8AC825481964003170DD /* Foody_AppApp.swift in Sources */,
				F676B063254916EA00D02123 /* HomeViewModel.swift in Sources */,
			);
			runOnlyForDeploymentPostprocessing = 0;
		};
		F6FA8AD125481966003170DD /* Sources */ = {
			isa = PBXSourcesBuildPhase;
			buildActionMask = 2147483647;
			files = (
				F6FA8ADA25481966003170DD /* Foody_AppTests.swift in Sources */,
			);
			runOnlyForDeploymentPostprocessing = 0;
		};
		F6FA8ADC25481966003170DD /* Sources */ = {
			isa = PBXSourcesBuildPhase;
			buildActionMask = 2147483647;
			files = (
				F6FA8AE525481966003170DD /* Foody_AppUITests.swift in Sources */,
			);
			runOnlyForDeploymentPostprocessing = 0;
		};
/* End PBXSourcesBuildPhase section */

/* Begin PBXTargetDependency section */
		F6FA8AD725481966003170DD /* PBXTargetDependency */ = {
			isa = PBXTargetDependency;
			target = F6FA8AC325481964003170DD /* Foody-App */;
			targetProxy = F6FA8AD625481966003170DD /* PBXContainerItemProxy */;
		};
		F6FA8AE225481966003170DD /* PBXTargetDependency */ = {
			isa = PBXTargetDependency;
			target = F6FA8AC325481964003170DD /* Foody-App */;
			targetProxy = F6FA8AE125481966003170DD /* PBXContainerItemProxy */;
		};
/* End PBXTargetDependency section */

/* Begin XCBuildConfiguration section */
		F6FA8AE725481966003170DD /* Debug */ = {
			isa = XCBuildConfiguration;
			buildSettings = {
				ALWAYS_SEARCH_USER_PATHS = NO;
				CLANG_ANALYZER_NONNULL = YES;
				CLANG_ANALYZER_NUMBER_OBJECT_CONVERSION = YES_AGGRESSIVE;
				CLANG_CXX_LANGUAGE_STANDARD = "gnu++14";
				CLANG_CXX_LIBRARY = "libc++";
				CLANG_ENABLE_MODULES = YES;
				CLANG_ENABLE_OBJC_ARC = YES;
				CLANG_ENABLE_OBJC_WEAK = YES;
				CLANG_WARN_BLOCK_CAPTURE_AUTORELEASING = YES;
				CLANG_WARN_BOOL_CONVERSION = YES;
				CLANG_WARN_COMMA = YES;
				CLANG_WARN_CONSTANT_CONVERSION = YES;
				CLANG_WARN_DEPRECATED_OBJC_IMPLEMENTATIONS = YES;
				CLANG_WARN_DIRECT_OBJC_ISA_USAGE = YES_ERROR;
				CLANG_WARN_DOCUMENTATION_COMMENTS = YES;
				CLANG_WARN_EMPTY_BODY = YES;
				CLANG_WARN_ENUM_CONVERSION = YES;
				CLANG_WARN_INFINITE_RECURSION = YES;
				CLANG_WARN_INT_CONVERSION = YES;
				CLANG_WARN_NON_LITERAL_NULL_CONVERSION = YES;
				CLANG_WARN_OBJC_IMPLICIT_RETAIN_SELF = YES;
				CLANG_WARN_OBJC_LITERAL_CONVERSION = YES;
				CLANG_WARN_OBJC_ROOT_CLASS = YES_ERROR;
				CLANG_WARN_QUOTED_INCLUDE_IN_FRAMEWORK_HEADER = YES;
				CLANG_WARN_RANGE_LOOP_ANALYSIS = YES;
				CLANG_WARN_STRICT_PROTOTYPES = YES;
				CLANG_WARN_SUSPICIOUS_MOVE = YES;
				CLANG_WARN_UNGUARDED_AVAILABILITY = YES_AGGRESSIVE;
				CLANG_WARN_UNREACHABLE_CODE = YES;
				CLANG_WARN__DUPLICATE_METHOD_MATCH = YES;
				COPY_PHASE_STRIP = NO;
				DEBUG_INFORMATION_FORMAT = dwarf;
				ENABLE_STRICT_OBJC_MSGSEND = YES;
				ENABLE_TESTABILITY = YES;
				GCC_C_LANGUAGE_STANDARD = gnu11;
				GCC_DYNAMIC_NO_PIC = NO;
				GCC_NO_COMMON_BLOCKS = YES;
				GCC_OPTIMIZATION_LEVEL = 0;
				GCC_PREPROCESSOR_DEFINITIONS = (
					"DEBUG=1",
					"$(inherited)",
				);
				GCC_WARN_64_TO_32_BIT_CONVERSION = YES;
				GCC_WARN_ABOUT_RETURN_TYPE = YES_ERROR;
				GCC_WARN_UNDECLARED_SELECTOR = YES;
				GCC_WARN_UNINITIALIZED_AUTOS = YES_AGGRESSIVE;
				GCC_WARN_UNUSED_FUNCTION = YES;
				GCC_WARN_UNUSED_VARIABLE = YES;
				IPHONEOS_DEPLOYMENT_TARGET = 14.1;
				MTL_ENABLE_DEBUG_INFO = INCLUDE_SOURCE;
				MTL_FAST_MATH = YES;
				ONLY_ACTIVE_ARCH = YES;
				SDKROOT = iphoneos;
				SWIFT_ACTIVE_COMPILATION_CONDITIONS = DEBUG;
				SWIFT_OPTIMIZATION_LEVEL = "-Onone";
			};
			name = Debug;
		};
		F6FA8AE825481966003170DD /* Release */ = {
			isa = XCBuildConfiguration;
			buildSettings = {
				ALWAYS_SEARCH_USER_PATHS = NO;
				CLANG_ANALYZER_NONNULL = YES;
				CLANG_ANALYZER_NUMBER_OBJECT_CONVERSION = YES_AGGRESSIVE;
				CLANG_CXX_LANGUAGE_STANDARD = "gnu++14";
				CLANG_CXX_LIBRARY = "libc++";
				CLANG_ENABLE_MODULES = YES;
				CLANG_ENABLE_OBJC_ARC = YES;
				CLANG_ENABLE_OBJC_WEAK = YES;
				CLANG_WARN_BLOCK_CAPTURE_AUTORELEASING = YES;
				CLANG_WARN_BOOL_CONVERSION = YES;
				CLANG_WARN_COMMA = YES;
				CLANG_WARN_CONSTANT_CONVERSION = YES;
				CLANG_WARN_DEPRECATED_OBJC_IMPLEMENTATIONS = YES;
				CLANG_WARN_DIRECT_OBJC_ISA_USAGE = YES_ERROR;
				CLANG_WARN_DOCUMENTATION_COMMENTS = YES;
				CLANG_WARN_EMPTY_BODY = YES;
				CLANG_WARN_ENUM_CONVERSION = YES;
				CLANG_WARN_INFINITE_RECURSION = YES;
				CLANG_WARN_INT_CONVERSION = YES;
				CLANG_WARN_NON_LITERAL_NULL_CONVERSION = YES;
				CLANG_WARN_OBJC_IMPLICIT_RETAIN_SELF = YES;
				CLANG_WARN_OBJC_LITERAL_CONVERSION = YES;
				CLANG_WARN_OBJC_ROOT_CLASS = YES_ERROR;
				CLANG_WARN_QUOTED_INCLUDE_IN_FRAMEWORK_HEADER = YES;
				CLANG_WARN_RANGE_LOOP_ANALYSIS = YES;
				CLANG_WARN_STRICT_PROTOTYPES = YES;
				CLANG_WARN_SUSPICIOUS_MOVE = YES;
				CLANG_WARN_UNGUARDED_AVAILABILITY = YES_AGGRESSIVE;
				CLANG_WARN_UNREACHABLE_CODE = YES;
				CLANG_WARN__DUPLICATE_METHOD_MATCH = YES;
				COPY_PHASE_STRIP = NO;
				DEBUG_INFORMATION_FORMAT = "dwarf-with-dsym";
				ENABLE_NS_ASSERTIONS = NO;
				ENABLE_STRICT_OBJC_MSGSEND = YES;
				GCC_C_LANGUAGE_STANDARD = gnu11;
				GCC_NO_COMMON_BLOCKS = YES;
				GCC_WARN_64_TO_32_BIT_CONVERSION = YES;
				GCC_WARN_ABOUT_RETURN_TYPE = YES_ERROR;
				GCC_WARN_UNDECLARED_SELECTOR = YES;
				GCC_WARN_UNINITIALIZED_AUTOS = YES_AGGRESSIVE;
				GCC_WARN_UNUSED_FUNCTION = YES;
				GCC_WARN_UNUSED_VARIABLE = YES;
				IPHONEOS_DEPLOYMENT_TARGET = 14.1;
				MTL_ENABLE_DEBUG_INFO = NO;
				MTL_FAST_MATH = YES;
				SDKROOT = iphoneos;
				SWIFT_COMPILATION_MODE = wholemodule;
				SWIFT_OPTIMIZATION_LEVEL = "-O";
				VALIDATE_PRODUCT = YES;
			};
			name = Release;
		};
		F6FA8AEA25481966003170DD /* Debug */ = {
			isa = XCBuildConfiguration;
			buildSettings = {
				ASSETCATALOG_COMPILER_APPICON_NAME = AppIcon;
				ASSETCATALOG_COMPILER_GLOBAL_ACCENT_COLOR_NAME = AccentColor;
				CODE_SIGN_STYLE = Automatic;
				DEVELOPMENT_ASSET_PATHS = "\"Foody-App/Preview Content\"";
				DEVELOPMENT_TEAM = 73DJK9R2PB;
				ENABLE_PREVIEWS = YES;
				INFOPLIST_FILE = "Foody-App/Info.plist";
				IPHONEOS_DEPLOYMENT_TARGET = 14.0;
				LD_RUNPATH_SEARCH_PATHS = (
					"$(inherited)",
					"@executable_path/Frameworks",
				);
				PRODUCT_BUNDLE_IDENTIFIER = "safarslife.Foody-App";
				PRODUCT_NAME = "$(TARGET_NAME)";
				SWIFT_VERSION = 5.0;
				TARGETED_DEVICE_FAMILY = "1,2";
			};
			name = Debug;
		};
		F6FA8AEB25481966003170DD /* Release */ = {
			isa = XCBuildConfiguration;
			buildSettings = {
				ASSETCATALOG_COMPILER_APPICON_NAME = AppIcon;
				ASSETCATALOG_COMPILER_GLOBAL_ACCENT_COLOR_NAME = AccentColor;
				CODE_SIGN_STYLE = Automatic;
				DEVELOPMENT_ASSET_PATHS = "\"Foody-App/Preview Content\"";
				DEVELOPMENT_TEAM = 73DJK9R2PB;
				ENABLE_PREVIEWS = YES;
				INFOPLIST_FILE = "Foody-App/Info.plist";
				IPHONEOS_DEPLOYMENT_TARGET = 14.0;
				LD_RUNPATH_SEARCH_PATHS = (
					"$(inherited)",
					"@executable_path/Frameworks",
				);
				PRODUCT_BUNDLE_IDENTIFIER = "safarslife.Foody-App";
				PRODUCT_NAME = "$(TARGET_NAME)";
				SWIFT_VERSION = 5.0;
				TARGETED_DEVICE_FAMILY = "1,2";
			};
			name = Release;
		};
		F6FA8AED25481966003170DD /* Debug */ = {
			isa = XCBuildConfiguration;
			buildSettings = {
				ALWAYS_EMBED_SWIFT_STANDARD_LIBRARIES = YES;
				BUNDLE_LOADER = "$(TEST_HOST)";
				CODE_SIGN_STYLE = Automatic;
				DEVELOPMENT_TEAM = 73DJK9R2PB;
				INFOPLIST_FILE = "Foody-AppTests/Info.plist";
				IPHONEOS_DEPLOYMENT_TARGET = 14.0;
				LD_RUNPATH_SEARCH_PATHS = (
					"$(inherited)",
					"@executable_path/Frameworks",
					"@loader_path/Frameworks",
				);
				PRODUCT_BUNDLE_IDENTIFIER = "safarslife.Foody-AppTests";
				PRODUCT_NAME = "$(TARGET_NAME)";
				SWIFT_VERSION = 5.0;
				TARGETED_DEVICE_FAMILY = "1,2";
				TEST_HOST = "$(BUILT_PRODUCTS_DIR)/Foody-App.app/Foody-App";
			};
			name = Debug;
		};
		F6FA8AEE25481966003170DD /* Release */ = {
			isa = XCBuildConfiguration;
			buildSettings = {
				ALWAYS_EMBED_SWIFT_STANDARD_LIBRARIES = YES;
				BUNDLE_LOADER = "$(TEST_HOST)";
				CODE_SIGN_STYLE = Automatic;
				DEVELOPMENT_TEAM = 73DJK9R2PB;
				INFOPLIST_FILE = "Foody-AppTests/Info.plist";
				IPHONEOS_DEPLOYMENT_TARGET = 14.0;
				LD_RUNPATH_SEARCH_PATHS = (
					"$(inherited)",
					"@executable_path/Frameworks",
					"@loader_path/Frameworks",
				);
				PRODUCT_BUNDLE_IDENTIFIER = "safarslife.Foody-AppTests";
				PRODUCT_NAME = "$(TARGET_NAME)";
				SWIFT_VERSION = 5.0;
				TARGETED_DEVICE_FAMILY = "1,2";
				TEST_HOST = "$(BUILT_PRODUCTS_DIR)/Foody-App.app/Foody-App";
			};
			name = Release;
		};
		F6FA8AF025481966003170DD /* Debug */ = {
			isa = XCBuildConfiguration;
			buildSettings = {
				ALWAYS_EMBED_SWIFT_STANDARD_LIBRARIES = YES;
				CODE_SIGN_STYLE = Automatic;
				DEVELOPMENT_TEAM = 73DJK9R2PB;
				INFOPLIST_FILE = "Foody-AppUITests/Info.plist";
				LD_RUNPATH_SEARCH_PATHS = (
					"$(inherited)",
					"@executable_path/Frameworks",
					"@loader_path/Frameworks",
				);
				PRODUCT_BUNDLE_IDENTIFIER = "safarslife.Foody-AppUITests";
				PRODUCT_NAME = "$(TARGET_NAME)";
				SWIFT_VERSION = 5.0;
				TARGETED_DEVICE_FAMILY = "1,2";
				TEST_TARGET_NAME = "Foody-App";
			};
			name = Debug;
		};
		F6FA8AF125481966003170DD /* Release */ = {
			isa = XCBuildConfiguration;
			buildSettings = {
				ALWAYS_EMBED_SWIFT_STANDARD_LIBRARIES = YES;
				CODE_SIGN_STYLE = Automatic;
				DEVELOPMENT_TEAM = 73DJK9R2PB;
				INFOPLIST_FILE = "Foody-AppUITests/Info.plist";
				LD_RUNPATH_SEARCH_PATHS = (
					"$(inherited)",
					"@executable_path/Frameworks",
					"@loader_path/Frameworks",
				);
				PRODUCT_BUNDLE_IDENTIFIER = "safarslife.Foody-AppUITests";
				PRODUCT_NAME = "$(TARGET_NAME)";
				SWIFT_VERSION = 5.0;
				TARGETED_DEVICE_FAMILY = "1,2";
				TEST_TARGET_NAME = "Foody-App";
			};
			name = Release;
		};
/* End XCBuildConfiguration section */

/* Begin XCConfigurationList section */
		F6FA8ABF25481964003170DD /* Build configuration list for PBXProject "Foody-App" */ = {
			isa = XCConfigurationList;
			buildConfigurations = (
				F6FA8AE725481966003170DD /* Debug */,
				F6FA8AE825481966003170DD /* Release */,
			);
			defaultConfigurationIsVisible = 0;
			defaultConfigurationName = Release;
		};
		F6FA8AE925481966003170DD /* Build configuration list for PBXNativeTarget "Foody-App" */ = {
			isa = XCConfigurationList;
			buildConfigurations = (
				F6FA8AEA25481966003170DD /* Debug */,
				F6FA8AEB25481966003170DD /* Release */,
			);
			defaultConfigurationIsVisible = 0;
			defaultConfigurationName = Release;
		};
		F6FA8AEC25481966003170DD /* Build configuration list for PBXNativeTarget "Foody-AppTests" */ = {
			isa = XCConfigurationList;
			buildConfigurations = (
				F6FA8AED25481966003170DD /* Debug */,
				F6FA8AEE25481966003170DD /* Release */,
			);
			defaultConfigurationIsVisible = 0;
			defaultConfigurationName = Release;
		};
		F6FA8AEF25481966003170DD /* Build configuration list for PBXNativeTarget "Foody-AppUITests" */ = {
			isa = XCConfigurationList;
			buildConfigurations = (
				F6FA8AF025481966003170DD /* Debug */,
				F6FA8AF125481966003170DD /* Release */,
			);
			defaultConfigurationIsVisible = 0;
			defaultConfigurationName = Release;
		};
/* End XCConfigurationList section */
	};
	rootObject = F6FA8ABC25481964003170DD /* Project object */;
}
